
Microsoft Visual Studio Solution File, Format Version 12.00
# Visual Studio 15
VisualStudioVersion = 15.0.28307.271
MinimumVisualStudioVersion = 10.0.40219.1
Project("{FAE04EC0-301F-11D3-BF4B-00C04F79EFBC}") = "Rectangle", "Rectangle\Rectangle.csproj", "{EBA24E22-1791-4E62-AE97-E39B91E091DA}"
EndProject
Project("{FAE04EC0-301F-11D3-BF4B-00C04F79EFBC}") = "RectangleTests", "RectangleTests\RectangleTests.csproj", "{BD8AC0C6-7BAD-41A5-ACF5-7B427B21960B}"
EndProject
Global
	GlobalSection(SolutionConfigurationPlatforms) = preSolution
		Debug|Any CPU = Debug|Any CPU
		Release|Any CPU = Release|Any CPU
	EndGlobalSection
	GlobalSection(ProjectConfigurationPlatforms) = postSolution
		{EBA24E22-1791-4E62-AE97-E39B91E091DA}.Debug|Any CPU.ActiveCfg = Debug|Any CPU
		{EBA24E22-1791-4E62-AE97-E39B91E091DA}.Debug|Any CPU.Build.0 = Debug|Any CPU
		{EBA24E22-1791-4E62-AE97-E39B91E091DA}.Release|Any CPU.ActiveCfg = Release|Any CPU
		{EBA24E22-1791-4E62-AE97-E39B91E091DA}.Release|Any CPU.Build.0 = Release|Any CPU
		{BD8AC0C6-7BAD-41A5-ACF5-7B427B21960B}.Debug|Any CPU.ActiveCfg = Debug|Any CPU
		{BD8AC0C6-7BAD-41A5-ACF5-7B427B21960B}.Debug|Any CPU.Build.0 = Debug|Any CPU
		{BD8AC0C6-7BAD-41A5-ACF5-7B427B21960B}.Release|Any CPU.ActiveCfg = Release|Any CPU
		{BD8AC0C6-7BAD-41A5-ACF5-7B427B21960B}.Release|Any CPU.Build.0 = Release|Any CPU
	EndGlobalSection
	GlobalSection(SolutionProperties) = preSolution
		HideSolutionNode = FALSE
	EndGlobalSection
	GlobalSection(ExtensibilityGlobals) = postSolution
		SolutionGuid = {402359D4-8E55-4A57-8117-0B78B4EBACF4}
	EndGlobalSection
EndGlobal
